Microsoft Visual Studio Solution File, Format Version 12.00
# Visual Studio Version 17
VisualStudioVersion = 17.5.2.0
MinimumVisualStudioVersion = 10.0.40219.1
Project("{FAE04EC0-301F-11D3-BF4B-00C04F79EFBC}") = "B6", "B6.csproj", "{89B09392-3C54-CD2B-7975-82474E971FE6}"
EndProject
Global
	GlobalSection(SolutionConfigurationPlatforms) = preSolution
		Debug|Any CPU = Debug|Any CPU
		Release|Any CPU = Release|Any CPU
	EndGlobalSection
	GlobalSection(ProjectConfigurationPlatforms) = postSolution
		{89B09392-3C54-CD2B-7975-82474E971FE6}.Debug|Any CPU.ActiveCfg = Debug|Any CPU
		{89B09392-3C54-CD2B-7975-82474E971FE6}.Debug|Any CPU.Build.0 = Debug|Any CPU
		{89B09392-3C54-CD2B-7975-82474E971FE6}.Release|Any CPU.ActiveCfg = Release|Any CPU
		{89B09392-3C54-CD2B-7975-82474E971FE6}.Release|Any CPU.Build.0 = Release|Any CPU
	EndGlobalSection
	GlobalSection(SolutionProperties) = preSolution
		HideSolutionNode = FALSE
	EndGlobalSection
	GlobalSection(ExtensibilityGlobals) = postSolution
		SolutionGuid = {BDCCE3A2-6CA0-4967-BFC6-000182F9D17B}
	EndGlobalSection
EndGlobal
